// !$*UTF8*$!
{
	archiveVersion = 1;
	classes = {
	};
	objectVersion = 50;
	objects = {

/* Begin PBXBuildFile section */
		110FC32F25EFE76C00E04DA0 /* AirplaneLoaderApp.swift in Sources */ = {isa = PBXBuildFile; fileRef = 110FC32E25EFE76C00E04DA0 /* AirplaneLoaderApp.swift */; };
		110FC33125EFE76C00E04DA0 /* ContentView.swift in Sources */ = {isa = PBXBuildFile; fileRef = 110FC33025EFE76C00E04DA0 /* ContentView.swift */; };
		110FC33325EFE76D00E04DA0 /* Assets.xcassets in Resources */ = {isa = PBXBuildFile; fileRef = 110FC33225EFE76D00E04DA0 /* Assets.xcassets */; };
		110FC33625EFE76D00E04DA0 /* Preview Assets.xcassets in Resources */ = {isa = PBXBuildFile; fileRef = 110FC33525EFE76D00E04DA0 /* Preview Assets.xcassets */; };
		110FC33825EFE76D00E04DA0 /* Persistence.swift in Sources */ = {isa = PBXBuildFile; fileRef = 110FC33725EFE76D00E04DA0 /* Persistence.swift */; };
		110FC33B25EFE76D00E04DA0 /* AirplaneLoader.xcdatamodeld in Sources */ = {isa = PBXBuildFile; fileRef = 110FC33925EFE76D00E04DA0 /* AirplaneLoader.xcdatamodeld */; };
		110FC34425EFE9B000E04DA0 /* Airplane.swift in Sources */ = {isa = PBXBuildFile; fileRef = 110FC34325EFE9B000E04DA0 /* Airplane.swift */; };
		110FC34725EFEA0900E04DA0 /* Seat.swift in Sources */ = {isa = PBXBuildFile; fileRef = 110FC34625EFEA0900E04DA0 /* Seat.swift */; };
		110FC34A25EFEB1200E04DA0 /* Party.swift in Sources */ = {isa = PBXBuildFile; fileRef = 110FC34925EFEB1200E04DA0 /* Party.swift */; };
		110FC34D25EFEB2100E04DA0 /* Person.swift in Sources */ = {isa = PBXBuildFile; fileRef = 110FC34C25EFEB2100E04DA0 /* Person.swift */; };
		110FC35025EFF47700E04DA0 /* AirplaneView.swift in Sources */ = {isa = PBXBuildFile; fileRef = 110FC34F25EFF47700E04DA0 /* AirplaneView.swift */; };
		112D016D25F07FCD00B7496F /* AddPartyView.swift in Sources */ = {isa = PBXBuildFile; fileRef = 112D016C25F07FCD00B7496F /* AddPartyView.swift */; };
/* End PBXBuildFile section */

/* Begin PBXFileReference section */
		110FC32B25EFE76C00E04DA0 /* AirplaneLoader.app */ = {isa = PBXFileReference; explicitFileType = wrapper.application; includeInIndex = 0; path = AirplaneLoader.app; sourceTree = BUILT_PRODUCTS_DIR; };
		110FC32E25EFE76C00E04DA0 /* AirplaneLoaderApp.swift */ = {isa = PBXFileReference; lastKnownFileType = sourcecode.swift; path = AirplaneLoaderApp.swift; sourceTree = "<group>"; };
		110FC33025EFE76C00E04DA0 /* ContentView.swift */ = {isa = PBXFileReference; lastKnownFileType = sourcecode.swift; path = ContentView.swift; sourceTree = "<group>"; };
		110FC33225EFE76D00E04DA0 /* Assets.xcassets */ = {isa = PBXFileReference; lastKnownFileType = folder.assetcatalog; path = Assets.xcassets; sourceTree = "<group>"; };
		110FC33525EFE76D00E04DA0 /* Preview Assets.xcassets */ = {isa = PBXFileReference; lastKnownFileType = folder.assetcatalog; path = "Preview Assets.xcassets"; sourceTree = "<group>"; };
		110FC33725EFE76D00E04DA0 /* Persistence.swift */ = {isa = PBXFileReference; lastKnownFileType = sourcecode.swift; path = Persistence.swift; sourceTree = "<group>"; };
		110FC33A25EFE76D00E04DA0 /* AirplaneLoader.xcdatamodel */ = {isa = PBXFileReference; lastKnownFileType = wrapper.xcdatamodel; path = AirplaneLoader.xcdatamodel; sourceTree = "<group>"; };
		110FC33C25EFE76D00E04DA0 /* Info.plist */ = {isa = PBXFileReference; lastKnownFileType = text.plist.xml; path = Info.plist; sourceTree = "<group>"; };
		110FC34325EFE9B000E04DA0 /* Airplane.swift */ = {isa = PBXFileReference; lastKnownFileType = sourcecode.swift; path = Airplane.swift; sourceTree = "<group>"; };
		110FC34625EFEA0900E04DA0 /* Seat.swift */ = {isa = PBXFileReference; lastKnownFileType = sourcecode.swift; path = Seat.swift; sourceTree = "<group>"; };
		110FC34925EFEB1200E04DA0 /* Party.swift */ = {isa = PBXFileReference; lastKnownFileType = sourcecode.swift; path = Party.swift; sourceTree = "<group>"; };
		110FC34C25EFEB2100E04DA0 /* Person.swift */ = {isa = PBXFileReference; lastKnownFileType = sourcecode.swift; path = Person.swift; sourceTree = "<group>"; };
		110FC34F25EFF47700E04DA0 /* AirplaneView.swift */ = {isa = PBXFileReference; lastKnownFileType = sourcecode.swift; path = AirplaneView.swift; sourceTree = "<group>"; };
		112D016C25F07FCD00B7496F /* AddPartyView.swift */ = {isa = PBXFileReference; lastKnownFileType = sourcecode.swift; path = AddPartyView.swift; sourceTree = "<group>"; };
/* End PBXFileReference section */

/* Begin PBXFrameworksBuildPhase section */
		110FC32825EFE76C00E04DA0 /* Frameworks */ = {
			isa = PBXFrameworksBuildPhase;
			buildActionMask = 2147483647;
			files = (
			);
			runOnlyForDeploymentPostprocessing = 0;
		};
/* End PBXFrameworksBuildPhase section */

/* Begin PBXGroup section */
		110FC32225EFE76C00E04DA0 = {
			isa = PBXGroup;
			children = (
				110FC32D25EFE76C00E04DA0 /* AirplaneLoader */,
				110FC32C25EFE76C00E04DA0 /* Products */,
			);
			sourceTree = "<group>";
		};
		110FC32C25EFE76C00E04DA0 /* Products */ = {
			isa = PBXGroup;
			children = (
				110FC32B25EFE76C00E04DA0 /* AirplaneLoader.app */,
			);
			name = Products;
			sourceTree = "<group>";
		};
		110FC32D25EFE76C00E04DA0 /* AirplaneLoader */ = {
			isa = PBXGroup;
			children = (
				110FC32E25EFE76C00E04DA0 /* AirplaneLoaderApp.swift */,
				110FC33025EFE76C00E04DA0 /* ContentView.swift */,
				110FC34F25EFF47700E04DA0 /* AirplaneView.swift */,
				110FC33225EFE76D00E04DA0 /* Assets.xcassets */,
				110FC33725EFE76D00E04DA0 /* Persistence.swift */,
				110FC33C25EFE76D00E04DA0 /* Info.plist */,
				110FC33925EFE76D00E04DA0 /* AirplaneLoader.xcdatamodeld */,
				110FC33425EFE76D00E04DA0 /* Preview Content */,
				110FC34325EFE9B000E04DA0 /* Airplane.swift */,
				110FC34625EFEA0900E04DA0 /* Seat.swift */,
				110FC34925EFEB1200E04DA0 /* Party.swift */,
				110FC34C25EFEB2100E04DA0 /* Person.swift */,
				112D016C25F07FCD00B7496F /* AddPartyView.swift */,
			);
			path = AirplaneLoader;
			sourceTree = "<group>";
		};
		110FC33425EFE76D00E04DA0 /* Preview Content */ = {
			isa = PBXGroup;
			children = (
				110FC33525EFE76D00E04DA0 /* Preview Assets.xcassets */,
			);
			path = "Preview Content";
			sourceTree = "<group>";
		};
/* End PBXGroup section */

/* Begin PBXNativeTarget section */
		110FC32A25EFE76C00E04DA0 /* AirplaneLoader */ = {
			isa = PBXNativeTarget;
			buildConfigurationList = 110FC33F25EFE76D00E04DA0 /* Build configuration list for PBXNativeTarget "AirplaneLoader" */;
			buildPhases = (
				110FC32725EFE76C00E04DA0 /* Sources */,
				110FC32825EFE76C00E04DA0 /* Frameworks */,
				110FC32925EFE76C00E04DA0 /* Resources */,
			);
			buildRules = (
			);
			dependencies = (
			);
			name = AirplaneLoader;
			productName = AirplaneLoader;
			productReference = 110FC32B25EFE76C00E04DA0 /* AirplaneLoader.app */;
			productType = "com.apple.product-type.application";
		};
/* End PBXNativeTarget section */

/* Begin PBXProject section */
		110FC32325EFE76C00E04DA0 /* Project object */ = {
			isa = PBXProject;
			attributes = {
				LastSwiftUpdateCheck = 1240;
				LastUpgradeCheck = 1240;
				TargetAttributes = {
					110FC32A25EFE76C00E04DA0 = {
						CreatedOnToolsVersion = 12.4;
					};
				};
			};
			buildConfigurationList = 110FC32625EFE76C00E04DA0 /* Build configuration list for PBXProject "AirplaneLoader" */;
			compatibilityVersion = "Xcode 9.3";
			developmentRegion = en;
			hasScannedForEncodings = 0;
			knownRegions = (
				en,
				Base,
			);
			mainGroup = 110FC32225EFE76C00E04DA0;
			productRefGroup = 110FC32C25EFE76C00E04DA0 /* Products */;
			projectDirPath = "";
			projectRoot = "";
			targets = (
				110FC32A25EFE76C00E04DA0 /* AirplaneLoader */,
			);
		};
/* End PBXProject section */

/* Begin PBXResourcesBuildPhase section */
		110FC32925EFE76C00E04DA0 /* Resources */ = {
			isa = PBXResourcesBuildPhase;
			buildActionMask = 2147483647;
			files = (
				110FC33625EFE76D00E04DA0 /* Preview Assets.xcassets in Resources */,
				110FC33325EFE76D00E04DA0 /* Assets.xcassets in Resources */,
			);
			runOnlyForDeploymentPostprocessing = 0;
		};
/* End PBXResourcesBuildPhase section */

/* Begin PBXSourcesBuildPhase section */
		110FC32725EFE76C00E04DA0 /* Sources */ = {
			isa = PBXSourcesBuildPhase;
			buildActionMask = 2147483647;
			files = (
				110FC33825EFE76D00E04DA0 /* Persistence.swift in Sources */,
				110FC35025EFF47700E04DA0 /* AirplaneView.swift in Sources */,
				110FC33125EFE76C00E04DA0 /* ContentView.swift in Sources */,
				112D016D25F07FCD00B7496F /* AddPartyView.swift in Sources */,
				110FC34725EFEA0900E04DA0 /* Seat.swift in Sources */,
				110FC34A25EFEB1200E04DA0 /* Party.swift in Sources */,
				110FC33B25EFE76D00E04DA0 /* AirplaneLoader.xcdatamodeld in Sources */,
				110FC34425EFE9B000E04DA0 /* Airplane.swift in Sources */,
				110FC34D25EFEB2100E04DA0 /* Person.swift in Sources */,
				110FC32F25EFE76C00E04DA0 /* AirplaneLoaderApp.swift in Sources */,
			);
			runOnlyForDeploymentPostprocessing = 0;
		};
/* End PBXSourcesBuildPhase section */

/* Begin XCBuildConfiguration section */
		110FC33D25EFE76D00E04DA0 /* Debug */ = {
			isa = XCBuildConfiguration;
			buildSettings = {
				ALWAYS_SEARCH_USER_PATHS = NO;
				CLANG_ANALYZER_NONNULL = YES;
				CLANG_ANALYZER_NUMBER_OBJECT_CONVERSION = YES_AGGRESSIVE;
				CLANG_CXX_LANGUAGE_STANDARD = "gnu++14";
				CLANG_CXX_LIBRARY = "libc++";
				CLANG_ENABLE_MODULES = YES;
				CLANG_ENABLE_OBJC_ARC = YES;
				CLANG_ENABLE_OBJC_WEAK = YES;
				CLANG_WARN_BLOCK_CAPTURE_AUTORELEASING = YES;
				CLANG_WARN_BOOL_CONVERSION = YES;
				CLANG_WARN_COMMA = YES;
				CLANG_WARN_CONSTANT_CONVERSION = YES;
				CLANG_WARN_DEPRECATED_OBJC_IMPLEMENTATIONS = YES;
				CLANG_WARN_DIRECT_OBJC_ISA_USAGE = YES_ERROR;
				CLANG_WARN_DOCUMENTATION_COMMENTS = YES;
				CLANG_WARN_EMPTY_BODY = YES;
				CLANG_WARN_ENUM_CONVERSION = YES;
				CLANG_WARN_INFINITE_RECURSION = YES;
				CLANG_WARN_INT_CONVERSION = YES;
				CLANG_WARN_NON_LITERAL_NULL_CONVERSION = YES;
				CLANG_WARN_OBJC_IMPLICIT_RETAIN_SELF = YES;
				CLANG_WARN_OBJC_LITERAL_CONVERSION = YES;
				CLANG_WARN_OBJC_ROOT_CLASS = YES_ERROR;
				CLANG_WARN_QUOTED_INCLUDE_IN_FRAMEWORK_HEADER = YES;
				CLANG_WARN_RANGE_LOOP_ANALYSIS = YES;
				CLANG_WARN_STRICT_PROTOTYPES = YES;
				CLANG_WARN_SUSPICIOUS_MOVE = YES;
				CLANG_WARN_UNGUARDED_AVAILABILITY = YES_AGGRESSIVE;
				CLANG_WARN_UNREACHABLE_CODE = YES;
				CLANG_WARN__DUPLICATE_METHOD_MATCH = YES;
				COPY_PHASE_STRIP = NO;
				DEBUG_INFORMATION_FORMAT = dwarf;
				ENABLE_STRICT_OBJC_MSGSEND = YES;
				ENABLE_TESTABILITY = YES;
				GCC_C_LANGUAGE_STANDARD = gnu11;
				GCC_DYNAMIC_NO_PIC = NO;
				GCC_NO_COMMON_BLOCKS = YES;
				GCC_OPTIMIZATION_LEVEL = 0;
				GCC_PREPROCESSOR_DEFINITIONS = (
					"DEBUG=1",
					"$(inherited)",
				);
				GCC_WARN_64_TO_32_BIT_CONVERSION = YES;
				GCC_WARN_ABOUT_RETURN_TYPE = YES_ERROR;
				GCC_WARN_UNDECLARED_SELECTOR = YES;
				GCC_WARN_UNINITIALIZED_AUTOS = YES_AGGRESSIVE;
				GCC_WARN_UNUSED_FUNCTION = YES;
				GCC_WARN_UNUSED_VARIABLE = YES;
				IPHONEOS_DEPLOYMENT_TARGET = 14.4;
				MTL_ENABLE_DEBUG_INFO = INCLUDE_SOURCE;
				MTL_FAST_MATH = YES;
				ONLY_ACTIVE_ARCH = YES;
				SDKROOT = iphoneos;
				SWIFT_ACTIVE_COMPILATION_CONDITIONS = DEBUG;
				SWIFT_OPTIMIZATION_LEVEL = "-Onone";
			};
			name = Debug;
		};
		110FC33E25EFE76D00E04DA0 /* Release */ = {
			isa = XCBuildConfiguration;
			buildSettings = {
				ALWAYS_SEARCH_USER_PATHS = NO;
				CLANG_ANALYZER_NONNULL = YES;
				CLANG_ANALYZER_NUMBER_OBJECT_CONVERSION = YES_AGGRESSIVE;
				CLANG_CXX_LANGUAGE_STANDARD = "gnu++14";
				CLANG_CXX_LIBRARY = "libc++";
				CLANG_ENABLE_MODULES = YES;
				CLANG_ENABLE_OBJC_ARC = YES;
				CLANG_ENABLE_OBJC_WEAK = YES;
				CLANG_WARN_BLOCK_CAPTURE_AUTORELEASING = YES;
				CLANG_WARN_BOOL_CONVERSION = YES;
				CLANG_WARN_COMMA = YES;
				CLANG_WARN_CONSTANT_CONVERSION = YES;
				CLANG_WARN_DEPRECATED_OBJC_IMPLEMENTATIONS = YES;
				CLANG_WARN_DIRECT_OBJC_ISA_USAGE = YES_ERROR;
				CLANG_WARN_DOCUMENTATION_COMMENTS = YES;
				CLANG_WARN_EMPTY_BODY = YES;
				CLANG_WARN_ENUM_CONVERSION = YES;
				CLANG_WARN_INFINITE_RECURSION = YES;
				CLANG_WARN_INT_CONVERSION = YES;
				CLANG_WARN_NON_LITERAL_NULL_CONVERSION = YES;
				CLANG_WARN_OBJC_IMPLICIT_RETAIN_SELF = YES;
				CLANG_WARN_OBJC_LITERAL_CONVERSION = YES;
				CLANG_WARN_OBJC_ROOT_CLASS = YES_ERROR;
				CLANG_WARN_QUOTED_INCLUDE_IN_FRAMEWORK_HEADER = YES;
				CLANG_WARN_RANGE_LOOP_ANALYSIS = YES;
				CLANG_WARN_STRICT_PROTOTYPES = YES;
				CLANG_WARN_SUSPICIOUS_MOVE = YES;
				CLANG_WARN_UNGUARDED_AVAILABILITY = YES_AGGRESSIVE;
				CLANG_WARN_UNREACHABLE_CODE = YES;
				CLANG_WARN__DUPLICATE_METHOD_MATCH = YES;
				COPY_PHASE_STRIP = NO;
				DEBUG_INFORMATION_FORMAT = "dwarf-with-dsym";
				ENABLE_NS_ASSERTIONS = NO;
				ENABLE_STRICT_OBJC_MSGSEND = YES;
				GCC_C_LANGUAGE_STANDARD = gnu11;
				GCC_NO_COMMON_BLOCKS = YES;
				GCC_WARN_64_TO_32_BIT_CONVERSION = YES;
				GCC_WARN_ABOUT_RETURN_TYPE = YES_ERROR;
				GCC_WARN_UNDECLARED_SELECTOR = YES;
				GCC_WARN_UNINITIALIZED_AUTOS = YES_AGGRESSIVE;
				GCC_WARN_UNUSED_FUNCTION = YES;
				GCC_WARN_UNUSED_VARIABLE = YES;
				IPHONEOS_DEPLOYMENT_TARGET = 14.4;
				MTL_ENABLE_DEBUG_INFO = NO;
				MTL_FAST_MATH = YES;
				SDKROOT = iphoneos;
				SWIFT_COMPILATION_MODE = wholemodule;
				SWIFT_OPTIMIZATION_LEVEL = "-O";
				VALIDATE_PRODUCT = YES;
			};
			name = Release;
		};
		110FC34025EFE76D00E04DA0 /* Debug */ = {
			isa = XCBuildConfiguration;
			buildSettings = {
				ASSETCATALOG_COMPILER_APPICON_NAME = AppIcon;
				ASSETCATALOG_COMPILER_GLOBAL_ACCENT_COLOR_NAME = AccentColor;
				CODE_SIGN_STYLE = Automatic;
				DEVELOPMENT_ASSET_PATHS = "\"AirplaneLoader/Preview Content\"";
				DEVELOPMENT_TEAM = YBZ4GQ73KA;
				ENABLE_PREVIEWS = YES;
				INFOPLIST_FILE = AirplaneLoader/Info.plist;
				IPHONEOS_DEPLOYMENT_TARGET = 14.0;
				LD_RUNPATH_SEARCH_PATHS = (
					"$(inherited)",
					"@executable_path/Frameworks",
				);
				PRODUCT_BUNDLE_IDENTIFIER = edu.capital.nmolby.AirplaneLoader;
				PRODUCT_NAME = "$(TARGET_NAME)";
				SWIFT_VERSION = 5.0;
				TARGETED_DEVICE_FAMILY = "1,2";
			};
			name = Debug;
		};
		110FC34125EFE76D00E04DA0 /* Release */ = {
			isa = XCBuildConfiguration;
			buildSettings = {
				ASSETCATALOG_COMPILER_APPICON_NAME = AppIcon;
				ASSETCATALOG_COMPILER_GLOBAL_ACCENT_COLOR_NAME = AccentColor;
				CODE_SIGN_STYLE = Automatic;
				DEVELOPMENT_ASSET_PATHS = "\"AirplaneLoader/Preview Content\"";
				DEVELOPMENT_TEAM = YBZ4GQ73KA;
				ENABLE_PREVIEWS = YES;
				INFOPLIST_FILE = AirplaneLoader/Info.plist;
				IPHONEOS_DEPLOYMENT_TARGET = 14.0;
				LD_RUNPATH_SEARCH_PATHS = (
					"$(inherited)",
					"@executable_path/Frameworks",
				);
				PRODUCT_BUNDLE_IDENTIFIER = edu.capital.nmolby.AirplaneLoader;
				PRODUCT_NAME = "$(TARGET_NAME)";
				SWIFT_VERSION = 5.0;
				TARGETED_DEVICE_FAMILY = "1,2";
			};
			name = Release;
		};
/* End XCBuildConfiguration section */

/* Begin XCConfigurationList section */
		110FC32625EFE76C00E04DA0 /* Build configuration list for PBXProject "AirplaneLoader" */ = {
			isa = XCConfigurationList;
			buildConfigurations = (
				110FC33D25EFE76D00E04DA0 /* Debug */,
				110FC33E25EFE76D00E04DA0 /* Release */,
			);
			defaultConfigurationIsVisible = 0;
			defaultConfigurationName = Release;
		};
		110FC33F25EFE76D00E04DA0 /* Build configuration list for PBXNativeTarget "AirplaneLoader" */ = {
			isa = XCConfigurationList;
			buildConfigurations = (
				110FC34025EFE76D00E04DA0 /* Debug */,
				110FC34125EFE76D00E04DA0 /* Release */,
			);
			defaultConfigurationIsVisible = 0;
			defaultConfigurationName = Release;
		};
/* End XCConfigurationList section */

/* Begin XCVersionGroup section */
		110FC33925EFE76D00E04DA0 /* AirplaneLoader.xcdatamodeld */ = {
			isa = XCVersionGroup;
			children = (
				110FC33A25EFE76D00E04DA0 /* AirplaneLoader.xcdatamodel */,
			);
			currentVersion = 110FC33A25EFE76D00E04DA0 /* AirplaneLoader.xcdatamodel */;
			path = AirplaneLoader.xcdatamodeld;
			sourceTree = "<group>";
			versionGroupType = wrapper.xcdatamodel;
		};
/* End XCVersionGroup section */
	};
	rootObject = 110FC32325EFE76C00E04DA0 /* Project object */;
}
